{
  "name": "@healthscreening/complete-screening",
  "version": "1.0.0",
  "lockfileVersion": 2,
  "requires": true,
  "packages": {
    "": {
      "name": "@healthscreening/complete-screening",
      "version": "1.0.0",
      "license": "GNU General Public License v3.0",
      "dependencies": {
        "@healthscreening/object-to-wrapper": "^1.0.0",
        "@healthscreening/screening-types": "^1.0.0",
        "axios": "^0.24.0"
      },
      "devDependencies": {
        "typescript": "^4.5.4"
      },
      "engines": {
        "node": ">=8.X.X"
      }
    },
    "node_modules/@healthscreening/object-to-wrapper": {
      "version": "1.0.0",
      "resolved": "https://registry.npmjs.org/@healthscreening/object-to-wrapper/-/object-to-wrapper-1.0.0.tgz",
      "integrity": "sha512-rVjlZLbthesE4P60JWUObahj/6AtFw10e9XIO9XdPV51JvgM5Lrc4WxnalUZUk8m3lKDRHKwHzeLHRxglRV9+g==",
      "engines": {
        "node": ">=8.X.X"
      }
    },
    "node_modules/@healthscreening/screening-types": {
      "version": "1.0.0",
      "resolved": "https://registry.npmjs.org/@healthscreening/screening-types/-/screening-types-1.0.0.tgz",
      "integrity": "sha512-oOWYwRMjcQU5F+K3xRRt0msA2kOns+0g3JymXOTT2AIetl9aPFnvmLVsl1qWniyQrDdxElVRIx3MKyAen60nQg==",
      "engines": {
        "node": ">=8.X.X"
      }
    },
    "node_modules/axios": {
      "version": "0.24.0",
      "resolved": "https://registry.npmjs.org/axios/-/axios-0.24.0.tgz",
      "integrity": "sha512-Q6cWsys88HoPgAaFAVUb0WpPk0O8iTeisR9IMqy9G8AbO4NlpVknrnQS03zzF9PGAWgO3cgletO3VjV/P7VztA==",
      "dependencies": {
        "follow-redirects": "^1.14.4"
      }
    },
    "node_modules/follow-redirects": {
      "version": "1.14.7",
      "resolved": "https://registry.npmjs.org/follow-redirects/-/follow-redirects-1.14.7.tgz",
      "integrity": "sha512-+hbxoLbFMbRKDwohX8GkTataGqO6Jb7jGwpAlwgy2bIz25XtRm7KEzJM76R1WiNT5SwZkX4Y75SwBolkpmE7iQ==",
      "funding": [
        {
          "type": "individual",
          "url": "https://github.com/sponsors/RubenVerborgh"
        }
      ],
      "engines": {
        "node": ">=4.0"
      },
      "peerDependenciesMeta": {
        "debug": {
          "optional": true
        }
      }
    },
    "node_modules/typescript": {
      "version": "4.5.4",
      "resolved": "https://registry.npmjs.org/typescript/-/typescript-4.5.4.tgz",
      "integrity": "sha512-VgYs2A2QIRuGphtzFV7aQJduJ2gyfTljngLzjpfW9FoYZF6xuw1W0vW9ghCKLfcWrCFxK81CSGRAvS1pn4fIUg==",
      "dev": true,
      "bin": {
        "tsc": "bin/tsc",
        "tsserver": "bin/tsserver"
      },
      "engines": {
        "node": ">=4.2.0"
      }
    }
  },
  "dependencies": {
    "@healthscreening/object-to-wrapper": {
      "version": "1.0.0",
      "resolved": "https://registry.npmjs.org/@healthscreening/object-to-wrapper/-/object-to-wrapper-1.0.0.tgz",
      "integrity": "sha512-rVjlZLbthesE4P60JWUObahj/6AtFw10e9XIO9XdPV51JvgM5Lrc4WxnalUZUk8m3lKDRHKwHzeLHRxglRV9+g=="
    },
    "@healthscreening/screening-types": {
      "version": "1.0.0",
      "resolved": "https://registry.npmjs.org/@healthscreening/screening-types/-/screening-types-1.0.0.tgz",
      "integrity": "sha512-oOWYwRMjcQU5F+K3xRRt0msA2kOns+0g3JymXOTT2AIetl9aPFnvmLVsl1qWniyQrDdxElVRIx3MKyAen60nQg=="
    },
    "axios": {
      "version": "0.24.0",
      "resolved": "https://registry.npmjs.org/axios/-/axios-0.24.0.tgz",
      "integrity": "sha512-Q6cWsys88HoPgAaFAVUb0WpPk0O8iTeisR9IMqy9G8AbO4NlpVknrnQS03zzF9PGAWgO3cgletO3VjV/P7VztA==",
      "requires": {
        "follow-redirects": "^1.14.4"
      }
    },
    "follow-redirects": {
      "version": "1.14.7",
      "resolved": "https://registry.npmjs.org/follow-redirects/-/follow-redirects-1.14.7.tgz",
      "integrity": "sha512-+hbxoLbFMbRKDwohX8GkTataGqO6Jb7jGwpAlwgy2bIz25XtRm7KEzJM76R1WiNT5SwZkX4Y75SwBolkpmE7iQ=="
    },
    "typescript": {
      "version": "4.5.4",
      "resolved": "https://registry.npmjs.org/typescript/-/typescript-4.5.4.tgz",
      "integrity": "sha512-VgYs2A2QIRuGphtzFV7aQJduJ2gyfTljngLzjpfW9FoYZF6xuw1W0vW9ghCKLfcWrCFxK81CSGRAvS1pn4fIUg==",
      "dev": true
    }
  }
}
